// !$*UTF8*$!
{
	archiveVersion = 1;
	classes = {
	};
	objectVersion = 46;
	objects = {

/* Begin PBXBuildFile section */
		2C2AE0461F1138C400AB08CC /* Array.swift in Sources */ = {isa = PBXBuildFile; fileRef = 2C2AE0451F1138C400AB08CC /* Array.swift */; };
		2C2B1D8B1F1B2AD7001D6FF9 /* silence.mp3 in Resources */ = {isa = PBXBuildFile; fileRef = 2C2B1D8A1F1B2AD7001D6FF9 /* silence.mp3 */; };
		2C3742281F2D10A90086823F /* speaker_animation.gif in Resources */ = {isa = PBXBuildFile; fileRef = 2C3742271F2D10A90086823F /* speaker_animation.gif */; };
		2C45BF831F0FF21400E7D628 /* PersonLoadOperation.swift in Sources */ = {isa = PBXBuildFile; fileRef = 2C45BF821F0FF21400E7D628 /* PersonLoadOperation.swift */; };
		2C45BF851F0FF87700E7D628 /* TrackTranslator.swift in Sources */ = {isa = PBXBuildFile; fileRef = 2C45BF841F0FF87700E7D628 /* TrackTranslator.swift */; };
		2C45BF871F10C0A900E7D628 /* APIError.swift in Sources */ = {isa = PBXBuildFile; fileRef = 2C45BF861F10C0A900E7D628 /* APIError.swift */; };
		2C45BF891F10C30F00E7D628 /* ErrorProcessor.swift in Sources */ = {isa = PBXBuildFile; fileRef = 2C45BF881F10C30F00E7D628 /* ErrorProcessor.swift */; };
		2C6B1CFA1F07D77B00883639 /* Translator.swift in Sources */ = {isa = PBXBuildFile; fileRef = 2C6B1CF91F07D77B00883639 /* Translator.swift */; };
		2C6B1CFC1F07D7AF00883639 /* PersonTranslator.swift in Sources */ = {isa = PBXBuildFile; fileRef = 2C6B1CFB1F07D7AF00883639 /* PersonTranslator.swift */; };
		2C751DF11F2BAB04000C8468 /* PlaybackControl.swift in Sources */ = {isa = PBXBuildFile; fileRef = 2C751DF01F2BAB04000C8468 /* PlaybackControl.swift */; };
		2C7CECFB1F2E1F9300279264 /* CircularProgressBar.swift in Sources */ = {isa = PBXBuildFile; fileRef = 2C7CECFA1F2E1F9300279264 /* CircularProgressBar.swift */; };
		2C80F4181F1A716F00265E7A /* MusicProvider.swift in Sources */ = {isa = PBXBuildFile; fileRef = 2C80F4171F1A716F00265E7A /* MusicProvider.swift */; };
		2C83B7091F0F973F00C4E749 /* DiscoverService.swift in Sources */ = {isa = PBXBuildFile; fileRef = 2C83B7081F0F973F00C4E749 /* DiscoverService.swift */; };
		2C8F47E81F2CDBB500397667 /* Image.swift in Sources */ = {isa = PBXBuildFile; fileRef = 2C8F47E71F2CDBB500397667 /* Image.swift */; };
		2C90744A1EBF111E000E1A71 /* AppDelegate.swift in Sources */ = {isa = PBXBuildFile; fileRef = 2C9074491EBF111E000E1A71 /* AppDelegate.swift */; };
		2C9074511EBF111E000E1A71 /* Assets.xcassets in Resources */ = {isa = PBXBuildFile; fileRef = 2C9074501EBF111E000E1A71 /* Assets.xcassets */; };
		2C90745C1EBF127B000E1A71 /* GoogleService-Info.plist in Resources */ = {isa = PBXBuildFile; fileRef = 2C90745B1EBF127B000E1A71 /* GoogleService-Info.plist */; };
		2C9074621EBF2A9E000E1A71 /* LoginViewController.swift in Sources */ = {isa = PBXBuildFile; fileRef = 2C9074611EBF2A9E000E1A71 /* LoginViewController.swift */; };
		2C9074671EBF2B53000E1A71 /* LoginViewModel.swift in Sources */ = {isa = PBXBuildFile; fileRef = 2C9074661EBF2B53000E1A71 /* LoginViewModel.swift */; };
		2C928BC71F2C78C8004879DB /* PlaybackControlViewModel.swift in Sources */ = {isa = PBXBuildFile; fileRef = 2C928BC61F2C78C8004879DB /* PlaybackControlViewModel.swift */; };
		2CA3EE8A1F2D9FC600DCD90A /* Gif.swift in Sources */ = {isa = PBXBuildFile; fileRef = 2CA3EE891F2D9FC600DCD90A /* Gif.swift */; };
		2CADD08F1ECFFC7E00C9ABA3 /* LoginView.swift in Sources */ = {isa = PBXBuildFile; fileRef = 2CADD08E1ECFFC7E00C9ABA3 /* LoginView.swift */; };
		2CADD0941ED01A4A00C9ABA3 /* Font.swift in Sources */ = {isa = PBXBuildFile; fileRef = 2CADD0931ED01A4A00C9ABA3 /* Font.swift */; };
		2CADD0B91ED0420300C9ABA3 /* Utils.swift in Sources */ = {isa = PBXBuildFile; fileRef = 2CADD0B81ED0420300C9ABA3 /* Utils.swift */; };
		2CADD0BB1ED0454600C9ABA3 /* Color.swift in Sources */ = {isa = PBXBuildFile; fileRef = 2CADD0BA1ED0454600C9ABA3 /* Color.swift */; };
		2CADD0BE1ED0697400C9ABA3 /* Localizable.strings in Resources */ = {isa = PBXBuildFile; fileRef = 2CADD0C01ED0697400C9ABA3 /* Localizable.strings */; };
		2CADD0C41ED06AD200C9ABA3 /* LaunchScreen.storyboard in Resources */ = {isa = PBXBuildFile; fileRef = 2CADD0C31ED06AD200C9ABA3 /* LaunchScreen.storyboard */; };
		2CC9D65F1F236E8F00B1236D /* ApplicationPlaybackState.swift in Sources */ = {isa = PBXBuildFile; fileRef = 2CC9D65E1F236E8F00B1236D /* ApplicationPlaybackState.swift */; };
		2CD6F8031ED0965B0042A748 /* LoginAppleMusicProvider.swift in Sources */ = {isa = PBXBuildFile; fileRef = 2CD6F8021ED0965B0042A748 /* LoginAppleMusicProvider.swift */; };
		2CD6F8071ED0AE880042A748 /* User.swift in Sources */ = {isa = PBXBuildFile; fileRef = 2CD6F8061ED0AE880042A748 /* User.swift */; };
		2CD6F8091ED18B920042A748 /* LoginFireBaseService.swift in Sources */ = {isa = PBXBuildFile; fileRef = 2CD6F8081ED18B920042A748 /* LoginFireBaseService.swift */; };
		2CD6F80C1ED198D50042A748 /* DatabaseManager.swift in Sources */ = {isa = PBXBuildFile; fileRef = 2CD6F80B1ED198D50042A748 /* DatabaseManager.swift */; };
		2CD6F80E1ED199D80042A748 /* Person.swift in Sources */ = {isa = PBXBuildFile; fileRef = 2CD6F80D1ED199D80042A748 /* Person.swift */; };
		2CD6F8111ED19A7E0042A748 /* Track.swift in Sources */ = {isa = PBXBuildFile; fileRef = 2CD6F8101ED19A7E0042A748 /* Track.swift */; };
		2CD6F81B1ED1F7010042A748 /* DiscoverViewController.swift in Sources */ = {isa = PBXBuildFile; fileRef = 2CD6F81A1ED1F7010042A748 /* DiscoverViewController.swift */; };
		2CD6F81D1ED1F7210042A748 /* DiscoverVIew.swift in Sources */ = {isa = PBXBuildFile; fileRef = 2CD6F81C1ED1F7210042A748 /* DiscoverVIew.swift */; };
		2CD6F8211ED1F7EC0042A748 /* DiscoverViewModel.swift in Sources */ = {isa = PBXBuildFile; fileRef = 2CD6F8201ED1F7EC0042A748 /* DiscoverViewModel.swift */; };
		2CD6F8231ED2032E0042A748 /* DiscoverCell.swift in Sources */ = {isa = PBXBuildFile; fileRef = 2CD6F8221ED2032E0042A748 /* DiscoverCell.swift */; };
		2CEA0B9B1F2E57E100160545 /* DiscoverProgressManager.swift in Sources */ = {isa = PBXBuildFile; fileRef = 2CEA0B9A1F2E57E100160545 /* DiscoverProgressManager.swift */; };
		2CF8A1EA1EE9B0CA00D369AB /* LocationProvider.swift in Sources */ = {isa = PBXBuildFile; fileRef = 2CF8A1E91EE9B0CA00D369AB /* LocationProvider.swift */; };
		50EB9D07610B6AB9B5C93665 /* Pods_Nobamus.framework in Frameworks */ = {isa = PBXBuildFile; fileRef = B0C5B305EA3A9444B93A64A2 /* Pods_Nobamus.framework */; };
/* End PBXBuildFile section */

/* Begin PBXFileReference section */
		2C2AE0451F1138C400AB08CC /* Array.swift */ = {isa = PBXFileReference; fileEncoding = 4; lastKnownFileType = sourcecode.swift; name = Array.swift; path = Features/Utils/Array.swift; sourceTree = "<group>"; };
		2C2B1D8A1F1B2AD7001D6FF9 /* silence.mp3 */ = {isa = PBXFileReference; lastKnownFileType = audio.mp3; path = silence.mp3; sourceTree = "<group>"; };
		2C3742271F2D10A90086823F /* speaker_animation.gif */ = {isa = PBXFileReference; lastKnownFileType = image.gif; path = speaker_animation.gif; sourceTree = "<group>"; };
		2C45BF821F0FF21400E7D628 /* PersonLoadOperation.swift */ = {isa = PBXFileReference; fileEncoding = 4; lastKnownFileType = sourcecode.swift; name = PersonLoadOperation.swift; path = Features/Discover/Model/PersonLoadOperation.swift; sourceTree = "<group>"; };
		2C45BF841F0FF87700E7D628 /* TrackTranslator.swift */ = {isa = PBXFileReference; fileEncoding = 4; lastKnownFileType = sourcecode.swift; name = TrackTranslator.swift; path = Core/Network/TrackTranslator.swift; sourceTree = "<group>"; };
		2C45BF861F10C0A900E7D628 /* APIError.swift */ = {isa = PBXFileReference; fileEncoding = 4; lastKnownFileType = sourcecode.swift; name = APIError.swift; path = Core/Network/APIError.swift; sourceTree = "<group>"; };
		2C45BF881F10C30F00E7D628 /* ErrorProcessor.swift */ = {isa = PBXFileReference; fileEncoding = 4; lastKnownFileType = sourcecode.swift; name = ErrorProcessor.swift; path = Core/Network/ErrorProcessor.swift; sourceTree = "<group>"; };
		2C6B1CF91F07D77B00883639 /* Translator.swift */ = {isa = PBXFileReference; fileEncoding = 4; lastKnownFileType = sourcecode.swift; name = Translator.swift; path = Core/Network/Translator.swift; sourceTree = "<group>"; };
		2C6B1CFB1F07D7AF00883639 /* PersonTranslator.swift */ = {isa = PBXFileReference; fileEncoding = 4; lastKnownFileType = sourcecode.swift; name = PersonTranslator.swift; path = Core/Network/PersonTranslator.swift; sourceTree = "<group>"; };
		2C751DF01F2BAB04000C8468 /* PlaybackControl.swift */ = {isa = PBXFileReference; fileEncoding = 4; lastKnownFileType = sourcecode.swift; name = PlaybackControl.swift; path = Features/Discover/Views/PlaybackControl.swift; sourceTree = "<group>"; };
		2C7CECFA1F2E1F9300279264 /* CircularProgressBar.swift */ = {isa = PBXFileReference; fileEncoding = 4; lastKnownFileType = sourcecode.swift; name = CircularProgressBar.swift; path = Features/Utils/CircularProgressBar.swift; sourceTree = "<group>"; };
		2C80F4171F1A716F00265E7A /* MusicProvider.swift */ = {isa = PBXFileReference; fileEncoding = 4; lastKnownFileType = sourcecode.swift; name = MusicProvider.swift; path = Core/Music/MusicProvider.swift; sourceTree = "<group>"; };
		2C83B7081F0F973F00C4E749 /* DiscoverService.swift */ = {isa = PBXFileReference; fileEncoding = 4; lastKnownFileType = sourcecode.swift; name = DiscoverService.swift; path = Features/Discover/Services/DiscoverService.swift; sourceTree = "<group>"; };
		2C8F47E71F2CDBB500397667 /* Image.swift */ = {isa = PBXFileReference; fileEncoding = 4; lastKnownFileType = sourcecode.swift; name = Image.swift; path = Features/Utils/Image.swift; sourceTree = "<group>"; };
		2C9074461EBF111E000E1A71 /* Nobamus.app */ = {isa = PBXFileReference; explicitFileType = wrapper.application; includeInIndex = 0; path = Nobamus.app; sourceTree = BUILT_PRODUCTS_DIR; };
		2C9074491EBF111E000E1A71 /* AppDelegate.swift */ = {isa = PBXFileReference; lastKnownFileType = sourcecode.swift; path = AppDelegate.swift; sourceTree = "<group>"; };
		2C9074501EBF111E000E1A71 /* Assets.xcassets */ = {isa = PBXFileReference; lastKnownFileType = folder.assetcatalog; path = Assets.xcassets; sourceTree = "<group>"; };
		2C9074551EBF111E000E1A71 /* Info.plist */ = {isa = PBXFileReference; lastKnownFileType = text.plist.xml; path = Info.plist; sourceTree = "<group>"; };
		2C90745B1EBF127B000E1A71 /* GoogleService-Info.plist */ = {isa = PBXFileReference; fileEncoding = 4; lastKnownFileType = text.plist.xml; path = "GoogleService-Info.plist"; sourceTree = "<group>"; };
		2C9074611EBF2A9E000E1A71 /* LoginViewController.swift */ = {isa = PBXFileReference; fileEncoding = 4; lastKnownFileType = sourcecode.swift; name = LoginViewController.swift; path = Features/Login/Controllers/LoginViewController.swift; sourceTree = "<group>"; };
		2C9074661EBF2B53000E1A71 /* LoginViewModel.swift */ = {isa = PBXFileReference; fileEncoding = 4; lastKnownFileType = sourcecode.swift; name = LoginViewModel.swift; path = Features/Login/ViewModels/LoginViewModel.swift; sourceTree = "<group>"; };
		2C928BC61F2C78C8004879DB /* PlaybackControlViewModel.swift */ = {isa = PBXFileReference; fileEncoding = 4; lastKnownFileType = sourcecode.swift; name = PlaybackControlViewModel.swift; path = Features/Discover/ViewModels/PlaybackControlViewModel.swift; sourceTree = "<group>"; };
		2CA3EE891F2D9FC600DCD90A /* Gif.swift */ = {isa = PBXFileReference; fileEncoding = 4; lastKnownFileType = sourcecode.swift; name = Gif.swift; path = Features/Utils/Gif.swift; sourceTree = "<group>"; };
		2CADD08E1ECFFC7E00C9ABA3 /* LoginView.swift */ = {isa = PBXFileReference; fileEncoding = 4; lastKnownFileType = sourcecode.swift; name = LoginView.swift; path = Features/Login/Views/LoginView.swift; sourceTree = "<group>"; };
		2CADD0931ED01A4A00C9ABA3 /* Font.swift */ = {isa = PBXFileReference; fileEncoding = 4; lastKnownFileType = sourcecode.swift; name = Font.swift; path = Features/Utils/Font.swift; sourceTree = "<group>"; };
		2CADD0B81ED0420300C9ABA3 /* Utils.swift */ = {isa = PBXFileReference; fileEncoding = 4; lastKnownFileType = sourcecode.swift; name = Utils.swift; path = Features/Utils/Utils.swift; sourceTree = "<group>"; };
		2CADD0BA1ED0454600C9ABA3 /* Color.swift */ = {isa = PBXFileReference; fileEncoding = 4; lastKnownFileType = sourcecode.swift; name = Color.swift; path = Features/Utils/Color.swift; sourceTree = "<group>"; };
		2CADD0BF1ED0697400C9ABA3 /* en */ = {isa = PBXFileReference; lastKnownFileType = text.plist.strings; name = en; path = en.lproj/Localizable.strings; sourceTree = "<group>"; };
		2CADD0C11ED0697600C9ABA3 /* ru */ = {isa = PBXFileReference; lastKnownFileType = text.plist.strings; name = ru; path = ru.lproj/Localizable.strings; sourceTree = "<group>"; };
		2CADD0C31ED06AD200C9ABA3 /* LaunchScreen.storyboard */ = {isa = PBXFileReference; fileEncoding = 4; lastKnownFileType = file.storyboard; name = LaunchScreen.storyboard; path = "Features/Launch Screen/LaunchScreen.storyboard"; sourceTree = "<group>"; };
		2CC9D65E1F236E8F00B1236D /* ApplicationPlaybackState.swift */ = {isa = PBXFileReference; fileEncoding = 4; lastKnownFileType = sourcecode.swift; name = ApplicationPlaybackState.swift; path = Core/Music/ApplicationPlaybackState.swift; sourceTree = "<group>"; };
		2CD6F8021ED0965B0042A748 /* LoginAppleMusicProvider.swift */ = {isa = PBXFileReference; fileEncoding = 4; lastKnownFileType = sourcecode.swift; name = LoginAppleMusicProvider.swift; path = Features/Login/Providers/LoginAppleMusicProvider.swift; sourceTree = "<group>"; };
		2CD6F8061ED0AE880042A748 /* User.swift */ = {isa = PBXFileReference; fileEncoding = 4; lastKnownFileType = sourcecode.swift; name = User.swift; path = Core/User/User.swift; sourceTree = "<group>"; };
		2CD6F8081ED18B920042A748 /* LoginFireBaseService.swift */ = {isa = PBXFileReference; fileEncoding = 4; lastKnownFileType = sourcecode.swift; name = LoginFireBaseService.swift; path = Features/Login/Providers/LoginFireBaseService.swift; sourceTree = "<group>"; };
		2CD6F80B1ED198D50042A748 /* DatabaseManager.swift */ = {isa = PBXFileReference; fileEncoding = 4; lastKnownFileType = sourcecode.swift; name = DatabaseManager.swift; path = Core/Database/DatabaseManager.swift; sourceTree = "<group>"; };
		2CD6F80D1ED199D80042A748 /* Person.swift */ = {isa = PBXFileReference; fileEncoding = 4; lastKnownFileType = sourcecode.swift; name = Person.swift; path = Core/User/Person.swift; sourceTree = "<group>"; };
		2CD6F8101ED19A7E0042A748 /* Track.swift */ = {isa = PBXFileReference; fileEncoding = 4; lastKnownFileType = sourcecode.swift; name = Track.swift; path = Core/Music/Track.swift; sourceTree = "<group>"; };
		2CD6F81A1ED1F7010042A748 /* DiscoverViewController.swift */ = {isa = PBXFileReference; fileEncoding = 4; lastKnownFileType = sourcecode.swift; name = DiscoverViewController.swift; path = Features/Discover/Controller/DiscoverViewController.swift; sourceTree = "<group>"; };
		2CD6F81C1ED1F7210042A748 /* DiscoverVIew.swift */ = {isa = PBXFileReference; fileEncoding = 4; lastKnownFileType = sourcecode.swift; name = DiscoverVIew.swift; path = Features/Discover/Views/DiscoverVIew.swift; sourceTree = "<group>"; };
		2CD6F8201ED1F7EC0042A748 /* DiscoverViewModel.swift */ = {isa = PBXFileReference; fileEncoding = 4; lastKnownFileType = sourcecode.swift; name = DiscoverViewModel.swift; path = Features/Discover/ViewModels/DiscoverViewModel.swift; sourceTree = "<group>"; };
		2CD6F8221ED2032E0042A748 /* DiscoverCell.swift */ = {isa = PBXFileReference; fileEncoding = 4; lastKnownFileType = sourcecode.swift; name = DiscoverCell.swift; path = Features/Discover/Views/DiscoverCell.swift; sourceTree = "<group>"; };
		2CEA0B9A1F2E57E100160545 /* DiscoverProgressManager.swift */ = {isa = PBXFileReference; fileEncoding = 4; lastKnownFileType = sourcecode.swift; name = DiscoverProgressManager.swift; path = Features/Discover/Model/DiscoverProgressManager.swift; sourceTree = "<group>"; };
		2CF8A1E91EE9B0CA00D369AB /* LocationProvider.swift */ = {isa = PBXFileReference; fileEncoding = 4; lastKnownFileType = sourcecode.swift; name = LocationProvider.swift; path = Core/Location/LocationProvider.swift; sourceTree = "<group>"; };
		95C3CB60BC9ADA36F164D663 /* Pods-Nobamus.release.xcconfig */ = {isa = PBXFileReference; includeInIndex = 1; lastKnownFileType = text.xcconfig; name = "Pods-Nobamus.release.xcconfig"; path = "Pods/Target Support Files/Pods-Nobamus/Pods-Nobamus.release.xcconfig"; sourceTree = "<group>"; };
		977DDD37160384D010A371F3 /* Pods-Nobamus.debug.xcconfig */ = {isa = PBXFileReference; includeInIndex = 1; lastKnownFileType = text.xcconfig; name = "Pods-Nobamus.debug.xcconfig"; path = "Pods/Target Support Files/Pods-Nobamus/Pods-Nobamus.debug.xcconfig"; sourceTree = "<group>"; };
		B0C5B305EA3A9444B93A64A2 /* Pods_Nobamus.framework */ = {isa = PBXFileReference; explicitFileType = wrapper.framework; includeInIndex = 0; path = Pods_Nobamus.framework; sourceTree = BUILT_PRODUCTS_DIR; };
/* End PBXFileReference section */

/* Begin PBXFrameworksBuildPhase section */
		2C9074431EBF111E000E1A71 /* Frameworks */ = {
			isa = PBXFrameworksBuildPhase;
			buildActionMask = 2147483647;
			files = (
				50EB9D07610B6AB9B5C93665 /* Pods_Nobamus.framework in Frameworks */,
			);
			runOnlyForDeploymentPostprocessing = 0;
		};
/* End PBXFrameworksBuildPhase section */

/* Begin PBXGroup section */
		2C2B1D891F1B2AAF001D6FF9 /* Resources */ = {
			isa = PBXGroup;
			children = (
				2C3742271F2D10A90086823F /* speaker_animation.gif */,
				2C2B1D8A1F1B2AD7001D6FF9 /* silence.mp3 */,
				2C9074501EBF111E000E1A71 /* Assets.xcassets */,
			);
			name = Resources;
			sourceTree = "<group>";
		};
		2C45BF811F0FF1EE00E7D628 /* Models */ = {
			isa = PBXGroup;
			children = (
				2C45BF821F0FF21400E7D628 /* PersonLoadOperation.swift */,
				2CEA0B9A1F2E57E100160545 /* DiscoverProgressManager.swift */,
			);
			name = Models;
			sourceTree = "<group>";
		};
		2C6B1CF81F07D75800883639 /* Network */ = {
			isa = PBXGroup;
			children = (
				2C6B1CF91F07D77B00883639 /* Translator.swift */,
				2C6B1CFB1F07D7AF00883639 /* PersonTranslator.swift */,
				2C45BF841F0FF87700E7D628 /* TrackTranslator.swift */,
				2C45BF861F10C0A900E7D628 /* APIError.swift */,
				2C45BF881F10C30F00E7D628 /* ErrorProcessor.swift */,
			);
			name = Network;
			sourceTree = "<group>";
		};
		2C90743D1EBF111E000E1A71 = {
			isa = PBXGroup;
			children = (
				2C9074481EBF111E000E1A71 /* Nobamus */,
				2C9074471EBF111E000E1A71 /* Products */,
				E989F716C256C00476B4ED61 /* Pods */,
				9E04590E0EFDD26E598DA0B8 /* Frameworks */,
			);
			sourceTree = "<group>";
		};
		2C9074471EBF111E000E1A71 /* Products */ = {
			isa = PBXGroup;
			children = (
				2C9074461EBF111E000E1A71 /* Nobamus.app */,
			);
			name = Products;
			sourceTree = "<group>";
		};
		2C9074481EBF111E000E1A71 /* Nobamus */ = {
			isa = PBXGroup;
			children = (
				2C2B1D891F1B2AAF001D6FF9 /* Resources */,
				2CD6F8041ED0AE650042A748 /* Core */,
				2C90745D1EBF281B000E1A71 /* Features */,
				2C90745B1EBF127B000E1A71 /* GoogleService-Info.plist */,
				2C9074491EBF111E000E1A71 /* AppDelegate.swift */,
				2C9074551EBF111E000E1A71 /* Info.plist */,
			);
			path = Nobamus;
			sourceTree = "<group>";
		};
		2C90745D1EBF281B000E1A71 /* Features */ = {
			isa = PBXGroup;
			children = (
				2C90745E1EBF2821000E1A71 /* Login */,
				2CD6F8151ED1F4800042A748 /* Discover */,
				2CADD0C71ED06CB100C9ABA3 /* Localization */,
				2CADD0C21ED06AB000C9ABA3 /* LaunchScreen */,
				2C9074601EBF2A14000E1A71 /* Utils */,
			);
			name = Features;
			sourceTree = "<group>";
		};
		2C90745E1EBF2821000E1A71 /* Login */ = {
			isa = PBXGroup;
			children = (
				2C9074651EBF2B30000E1A71 /* Services */,
				2CADD0901ECFFC8900C9ABA3 /* Views */,
				2C9074641EBF2AEE000E1A71 /* ViewModel */,
				2C9074631EBF2AE2000E1A71 /* Controller */,
			);
			name = Login;
			sourceTree = "<group>";
		};
		2C9074601EBF2A14000E1A71 /* Utils */ = {
			isa = PBXGroup;
			children = (
				2CADD0B81ED0420300C9ABA3 /* Utils.swift */,
				2CADD0931ED01A4A00C9ABA3 /* Font.swift */,
				2CADD0BA1ED0454600C9ABA3 /* Color.swift */,
				2C2AE0451F1138C400AB08CC /* Array.swift */,
				2C8F47E71F2CDBB500397667 /* Image.swift */,
				2CA3EE891F2D9FC600DCD90A /* Gif.swift */,
				2C7CECFA1F2E1F9300279264 /* CircularProgressBar.swift */,
			);
			name = Utils;
			sourceTree = "<group>";
		};
		2C9074631EBF2AE2000E1A71 /* Controller */ = {
			isa = PBXGroup;
			children = (
				2C9074611EBF2A9E000E1A71 /* LoginViewController.swift */,
			);
			name = Controller;
			sourceTree = "<group>";
		};
		2C9074641EBF2AEE000E1A71 /* ViewModel */ = {
			isa = PBXGroup;
			children = (
				2C9074661EBF2B53000E1A71 /* LoginViewModel.swift */,
			);
			name = ViewModel;
			sourceTree = "<group>";
		};
		2C9074651EBF2B30000E1A71 /* Services */ = {
			isa = PBXGroup;
			children = (
				2CD6F8021ED0965B0042A748 /* LoginAppleMusicProvider.swift */,
				2CD6F8081ED18B920042A748 /* LoginFireBaseService.swift */,
			);
			name = Services;
			sourceTree = "<group>";
		};
		2CADD0901ECFFC8900C9ABA3 /* Views */ = {
			isa = PBXGroup;
			children = (
				2CADD08E1ECFFC7E00C9ABA3 /* LoginView.swift */,
			);
			name = Views;
			sourceTree = "<group>";
		};
		2CADD0C21ED06AB000C9ABA3 /* LaunchScreen */ = {
			isa = PBXGroup;
			children = (
				2CADD0C31ED06AD200C9ABA3 /* LaunchScreen.storyboard */,
			);
			name = LaunchScreen;
			sourceTree = "<group>";
		};
		2CADD0C71ED06CB100C9ABA3 /* Localization */ = {
			isa = PBXGroup;
			children = (
				2CADD0C01ED0697400C9ABA3 /* Localizable.strings */,
			);
			name = Localization;
			sourceTree = "<group>";
		};
		2CD6F8041ED0AE650042A748 /* Core */ = {
			isa = PBXGroup;
			children = (
				2C6B1CF81F07D75800883639 /* Network */,
				2CF8A1E81EE9B0B300D369AB /* Location */,
				2CD6F8121ED19AB00042A748 /* Music */,
				2CD6F80A1ED198AD0042A748 /* Database */,
				2CD6F8051ED0AE6F0042A748 /* User */,
			);
			name = Core;
			sourceTree = "<group>";
		};
		2CD6F8051ED0AE6F0042A748 /* User */ = {
			isa = PBXGroup;
			children = (
				2CD6F8061ED0AE880042A748 /* User.swift */,
				2CD6F80D1ED199D80042A748 /* Person.swift */,
			);
			name = User;
			sourceTree = "<group>";
		};
		2CD6F80A1ED198AD0042A748 /* Database */ = {
			isa = PBXGroup;
			children = (
				2CD6F80B1ED198D50042A748 /* DatabaseManager.swift */,
			);
			name = Database;
			sourceTree = "<group>";
		};
		2CD6F8121ED19AB00042A748 /* Music */ = {
			isa = PBXGroup;
			children = (
				2CD6F8101ED19A7E0042A748 /* Track.swift */,
				2C80F4171F1A716F00265E7A /* MusicProvider.swift */,
				2CC9D65E1F236E8F00B1236D /* ApplicationPlaybackState.swift */,
			);
			name = Music;
			sourceTree = "<group>";
		};
		2CD6F8151ED1F4800042A748 /* Discover */ = {
			isa = PBXGroup;
			children = (
				2C45BF811F0FF1EE00E7D628 /* Models */,
				2CD6F8191ED1F6DD0042A748 /* ViewModel */,
				2CD6F8181ED1F6CD0042A748 /* Views */,
				2CD6F8171ED1F6C60042A748 /* Services */,
				2CD6F8161ED1F6B70042A748 /* Controller */,
			);
			name = Discover;
			sourceTree = "<group>";
		};
		2CD6F8161ED1F6B70042A748 /* Controller */ = {
			isa = PBXGroup;
			children = (
				2CD6F81A1ED1F7010042A748 /* DiscoverViewController.swift */,
			);
			name = Controller;
			sourceTree = "<group>";
		};
		2CD6F8171ED1F6C60042A748 /* Services */ = {
			isa = PBXGroup;
			children = (
				2C83B7081F0F973F00C4E749 /* DiscoverService.swift */,
			);
			name = Services;
			sourceTree = "<group>";
		};
		2CD6F8181ED1F6CD0042A748 /* Views */ = {
			isa = PBXGroup;
			children = (
				2CD6F81C1ED1F7210042A748 /* DiscoverVIew.swift */,
				2CD6F8221ED2032E0042A748 /* DiscoverCell.swift */,
				2C751DF01F2BAB04000C8468 /* PlaybackControl.swift */,
			);
			name = Views;
			sourceTree = "<group>";
		};
		2CD6F8191ED1F6DD0042A748 /* ViewModel */ = {
			isa = PBXGroup;
			children = (
				2CD6F8201ED1F7EC0042A748 /* DiscoverViewModel.swift */,
				2C928BC61F2C78C8004879DB /* PlaybackControlViewModel.swift */,
			);
			name = ViewModel;
			sourceTree = "<group>";
		};
		2CF8A1E81EE9B0B300D369AB /* Location */ = {
			isa = PBXGroup;
			children = (
				2CF8A1E91EE9B0CA00D369AB /* LocationProvider.swift */,
			);
			name = Location;
			sourceTree = "<group>";
		};
		9E04590E0EFDD26E598DA0B8 /* Frameworks */ = {
			isa = PBXGroup;
			children = (
				B0C5B305EA3A9444B93A64A2 /* Pods_Nobamus.framework */,
			);
			name = Frameworks;
			sourceTree = "<group>";
		};
		E989F716C256C00476B4ED61 /* Pods */ = {
			isa = PBXGroup;
			children = (
				977DDD37160384D010A371F3 /* Pods-Nobamus.debug.xcconfig */,
				95C3CB60BC9ADA36F164D663 /* Pods-Nobamus.release.xcconfig */,
			);
			name = Pods;
			sourceTree = "<group>";
		};
/* End PBXGroup section */

/* Begin PBXNativeTarget section */
		2C9074451EBF111E000E1A71 /* Nobamus */ = {
			isa = PBXNativeTarget;
			buildConfigurationList = 2C9074581EBF111E000E1A71 /* Build configuration list for PBXNativeTarget "Nobamus" */;
			buildPhases = (
				99078F7B6605C557B15787A7 /* [CP] Check Pods Manifest.lock */,
				2C9074421EBF111E000E1A71 /* Sources */,
				2C9074431EBF111E000E1A71 /* Frameworks */,
				2C9074441EBF111E000E1A71 /* Resources */,
				621577CC365ECC3BA878D3D9 /* [CP] Embed Pods Frameworks */,
				94818D477BFAC3BF1FF5BB96 /* [CP] Copy Pods Resources */,
			);
			buildRules = (
			);
			dependencies = (
			);
			name = Nobamus;
			productName = Nobamus;
			productReference = 2C9074461EBF111E000E1A71 /* Nobamus.app */;
			productType = "com.apple.product-type.application";
		};
/* End PBXNativeTarget section */

/* Begin PBXProject section */
		2C90743E1EBF111E000E1A71 /* Project object */ = {
			isa = PBXProject;
			attributes = {
				LastSwiftUpdateCheck = 0830;
				LastUpgradeCheck = 0830;
				ORGANIZATIONNAME = "Yanislav Kononov";
				TargetAttributes = {
					2C9074451EBF111E000E1A71 = {
						CreatedOnToolsVersion = 8.3.2;
						DevelopmentTeam = MCB6AYLM4B;
						ProvisioningStyle = Automatic;
						SystemCapabilities = {
							com.apple.BackgroundModes = {
								enabled = 1;
							};
							com.apple.InAppPurchase = {
								enabled = 0;
							};
						};
					};
				};
			};
			buildConfigurationList = 2C9074411EBF111E000E1A71 /* Build configuration list for PBXProject "Nobamus" */;
			compatibilityVersion = "Xcode 3.2";
			developmentRegion = English;
			hasScannedForEncodings = 0;
			knownRegions = (
				en,
				Base,
				ru,
			);
			mainGroup = 2C90743D1EBF111E000E1A71;
			productRefGroup = 2C9074471EBF111E000E1A71 /* Products */;
			projectDirPath = "";
			projectRoot = "";
			targets = (
				2C9074451EBF111E000E1A71 /* Nobamus */,
			);
		};
/* End PBXProject section */

/* Begin PBXResourcesBuildPhase section */
		2C9074441EBF111E000E1A71 /* Resources */ = {
			isa = PBXResourcesBuildPhase;
			buildActionMask = 2147483647;
			files = (
				2C2B1D8B1F1B2AD7001D6FF9 /* silence.mp3 in Resources */,
				2C3742281F2D10A90086823F /* speaker_animation.gif in Resources */,
				2CADD0BE1ED0697400C9ABA3 /* Localizable.strings in Resources */,
				2C90745C1EBF127B000E1A71 /* GoogleService-Info.plist in Resources */,
				2CADD0C41ED06AD200C9ABA3 /* LaunchScreen.storyboard in Resources */,
				2C9074511EBF111E000E1A71 /* Assets.xcassets in Resources */,
			);
			runOnlyForDeploymentPostprocessing = 0;
		};
/* End PBXResourcesBuildPhase section */

/* Begin PBXShellScriptBuildPhase section */
		621577CC365ECC3BA878D3D9 /* [CP] Embed Pods Frameworks */ = {
			isa = PBXShellScriptBuildPhase;
			buildActionMask = 2147483647;
			files = (
			);
			inputPaths = (
			);
			name = "[CP] Embed Pods Frameworks";
			outputPaths = (
			);
			runOnlyForDeploymentPostprocessing = 0;
			shellPath = /bin/sh;
			shellScript = "\"${SRCROOT}/Pods/Target Support Files/Pods-Nobamus/Pods-Nobamus-frameworks.sh\"\n";
			showEnvVarsInLog = 0;
		};
		94818D477BFAC3BF1FF5BB96 /* [CP] Copy Pods Resources */ = {
			isa = PBXShellScriptBuildPhase;
			buildActionMask = 2147483647;
			files = (
			);
			inputPaths = (
			);
			name = "[CP] Copy Pods Resources";
			outputPaths = (
			);
			runOnlyForDeploymentPostprocessing = 0;
			shellPath = /bin/sh;
			shellScript = "\"${SRCROOT}/Pods/Target Support Files/Pods-Nobamus/Pods-Nobamus-resources.sh\"\n";
			showEnvVarsInLog = 0;
		};
		99078F7B6605C557B15787A7 /* [CP] Check Pods Manifest.lock */ = {
			isa = PBXShellScriptBuildPhase;
			buildActionMask = 2147483647;
			files = (
			);
			inputPaths = (
			);
			name = "[CP] Check Pods Manifest.lock";
			outputPaths = (
			);
			runOnlyForDeploymentPostprocessing = 0;
			shellPath = /bin/sh;
			shellScript = "diff \"${PODS_PODFILE_DIR_PATH}/Podfile.lock\" \"${PODS_ROOT}/Manifest.lock\" > /dev/null\nif [ $? != 0 ] ; then\n    # print error to STDERR\n    echo \"error: The sandbox is not in sync with the Podfile.lock. Run 'pod install' or update your CocoaPods installation.\" >&2\n    exit 1\nfi\n";
			showEnvVarsInLog = 0;
		};
/* End PBXShellScriptBuildPhase section */

/* Begin PBXSourcesBuildPhase section */
		2C9074421EBF111E000E1A71 /* Sources */ = {
			isa = PBXSourcesBuildPhase;
			buildActionMask = 2147483647;
			files = (
				2C9074621EBF2A9E000E1A71 /* LoginViewController.swift in Sources */,
				2C45BF831F0FF21400E7D628 /* PersonLoadOperation.swift in Sources */,
				2C8F47E81F2CDBB500397667 /* Image.swift in Sources */,
				2CD6F80C1ED198D50042A748 /* DatabaseManager.swift in Sources */,
				2CD6F8091ED18B920042A748 /* LoginFireBaseService.swift in Sources */,
				2C7CECFB1F2E1F9300279264 /* CircularProgressBar.swift in Sources */,
				2C90744A1EBF111E000E1A71 /* AppDelegate.swift in Sources */,
				2CEA0B9B1F2E57E100160545 /* DiscoverProgressManager.swift in Sources */,
				2C45BF871F10C0A900E7D628 /* APIError.swift in Sources */,
				2C80F4181F1A716F00265E7A /* MusicProvider.swift in Sources */,
				2C751DF11F2BAB04000C8468 /* PlaybackControl.swift in Sources */,
				2CADD0BB1ED0454600C9ABA3 /* Color.swift in Sources */,
				2CADD0941ED01A4A00C9ABA3 /* Font.swift in Sources */,
				2CD6F80E1ED199D80042A748 /* Person.swift in Sources */,
				2C2AE0461F1138C400AB08CC /* Array.swift in Sources */,
				2C45BF851F0FF87700E7D628 /* TrackTranslator.swift in Sources */,
				2C6B1CFA1F07D77B00883639 /* Translator.swift in Sources */,
				2C6B1CFC1F07D7AF00883639 /* PersonTranslator.swift in Sources */,
				2CADD08F1ECFFC7E00C9ABA3 /* LoginView.swift in Sources */,
				2CF8A1EA1EE9B0CA00D369AB /* LocationProvider.swift in Sources */,
				2CD6F8071ED0AE880042A748 /* User.swift in Sources */,
				2CD6F81B1ED1F7010042A748 /* DiscoverViewController.swift in Sources */,
				2C45BF891F10C30F00E7D628 /* ErrorProcessor.swift in Sources */,
				2C9074671EBF2B53000E1A71 /* LoginViewModel.swift in Sources */,
				2CD6F81D1ED1F7210042A748 /* DiscoverVIew.swift in Sources */,
				2CC9D65F1F236E8F00B1236D /* ApplicationPlaybackState.swift in Sources */,
				2CD6F8111ED19A7E0042A748 /* Track.swift in Sources */,
				2CD6F8211ED1F7EC0042A748 /* DiscoverViewModel.swift in Sources */,
				2CA3EE8A1F2D9FC600DCD90A /* Gif.swift in Sources */,
				2CADD0B91ED0420300C9ABA3 /* Utils.swift in Sources */,
				2CD6F8031ED0965B0042A748 /* LoginAppleMusicProvider.swift in Sources */,
				2C83B7091F0F973F00C4E749 /* DiscoverService.swift in Sources */,
				2CD6F8231ED2032E0042A748 /* DiscoverCell.swift in Sources */,
				2C928BC71F2C78C8004879DB /* PlaybackControlViewModel.swift in Sources */,
			);
			runOnlyForDeploymentPostprocessing = 0;
		};
/* End PBXSourcesBuildPhase section */

/* Begin PBXVariantGroup section */
		2CADD0C01ED0697400C9ABA3 /* Localizable.strings */ = {
			isa = PBXVariantGroup;
			children = (
				2CADD0BF1ED0697400C9ABA3 /* en */,
				2CADD0C11ED0697600C9ABA3 /* ru */,
			);
			name = Localizable.strings;
			path = Features/Localizable;
			sourceTree = "<group>";
		};
/* End PBXVariantGroup section */

/* Begin XCBuildConfiguration section */
		2C9074561EBF111E000E1A71 /* Debug */ = {
			isa = XCBuildConfiguration;
			buildSettings = {
				ALWAYS_SEARCH_USER_PATHS = NO;
				CLANG_ANALYZER_LOCALIZABILITY_NONLOCALIZED = YES;
				CLANG_ANALYZER_NONNULL = YES;
				CLANG_ANALYZER_NUMBER_OBJECT_CONVERSION = YES_AGGRESSIVE;
				CLANG_CXX_LANGUAGE_STANDARD = "gnu++0x";
				CLANG_CXX_LIBRARY = "libc++";
				CLANG_ENABLE_MODULES = YES;
				CLANG_ENABLE_OBJC_ARC = YES;
				CLANG_WARN_BOOL_CONVERSION = YES;
				CLANG_WARN_CONSTANT_CONVERSION = YES;
				CLANG_WARN_DIRECT_OBJC_ISA_USAGE = YES_ERROR;
				CLANG_WARN_DOCUMENTATION_COMMENTS = YES;
				CLANG_WARN_EMPTY_BODY = YES;
				CLANG_WARN_ENUM_CONVERSION = YES;
				CLANG_WARN_INFINITE_RECURSION = YES;
				CLANG_WARN_INT_CONVERSION = YES;
				CLANG_WARN_OBJC_ROOT_CLASS = YES_ERROR;
				CLANG_WARN_SUSPICIOUS_MOVE = YES;
				CLANG_WARN_UNREACHABLE_CODE = YES;
				CLANG_WARN__DUPLICATE_METHOD_MATCH = YES;
				"CODE_SIGN_IDENTITY[sdk=iphoneos*]" = "iPhone Developer";
				COPY_PHASE_STRIP = NO;
				DEBUG_INFORMATION_FORMAT = dwarf;
				ENABLE_STRICT_OBJC_MSGSEND = YES;
				ENABLE_TESTABILITY = YES;
				GCC_C_LANGUAGE_STANDARD = gnu99;
				GCC_DYNAMIC_NO_PIC = NO;
				GCC_NO_COMMON_BLOCKS = YES;
				GCC_OPTIMIZATION_LEVEL = 0;
				GCC_PREPROCESSOR_DEFINITIONS = (
					"DEBUG=1",
					"$(inherited)",
				);
				GCC_WARN_64_TO_32_BIT_CONVERSION = YES;
				GCC_WARN_ABOUT_RETURN_TYPE = YES_ERROR;
				GCC_WARN_UNDECLARED_SELECTOR = YES;
				GCC_WARN_UNINITIALIZED_AUTOS = YES_AGGRESSIVE;
				GCC_WARN_UNUSED_FUNCTION = YES;
				GCC_WARN_UNUSED_VARIABLE = YES;
				IPHONEOS_DEPLOYMENT_TARGET = 10.3;
				MTL_ENABLE_DEBUG_INFO = YES;
				ONLY_ACTIVE_ARCH = YES;
				SDKROOT = iphoneos;
				SWIFT_ACTIVE_COMPILATION_CONDITIONS = DEBUG;
				SWIFT_OPTIMIZATION_LEVEL = "-Onone";
			};
			name = Debug;
		};
		2C9074571EBF111E000E1A71 /* Release */ = {
			isa = XCBuildConfiguration;
			buildSettings = {
				ALWAYS_SEARCH_USER_PATHS = NO;
				CLANG_ANALYZER_LOCALIZABILITY_NONLOCALIZED = YES;
				CLANG_ANALYZER_NONNULL = YES;
				CLANG_ANALYZER_NUMBER_OBJECT_CONVERSION = YES_AGGRESSIVE;
				CLANG_CXX_LANGUAGE_STANDARD = "gnu++0x";
				CLANG_CXX_LIBRARY = "libc++";
				CLANG_ENABLE_MODULES = YES;
				CLANG_ENABLE_OBJC_ARC = YES;
				CLANG_WARN_BOOL_CONVERSION = YES;
				CLANG_WARN_CONSTANT_CONVERSION = YES;
				CLANG_WARN_DIRECT_OBJC_ISA_USAGE = YES_ERROR;
				CLANG_WARN_DOCUMENTATION_COMMENTS = YES;
				CLANG_WARN_EMPTY_BODY = YES;
				CLANG_WARN_ENUM_CONVERSION = YES;
				CLANG_WARN_INFINITE_RECURSION = YES;
				CLANG_WARN_INT_CONVERSION = YES;
				CLANG_WARN_OBJC_ROOT_CLASS = YES_ERROR;
				CLANG_WARN_SUSPICIOUS_MOVE = YES;
				CLANG_WARN_UNREACHABLE_CODE = YES;
				CLANG_WARN__DUPLICATE_METHOD_MATCH = YES;
				"CODE_SIGN_IDENTITY[sdk=iphoneos*]" = "iPhone Developer";
				COPY_PHASE_STRIP = NO;
				DEBUG_INFORMATION_FORMAT = "dwarf-with-dsym";
				ENABLE_NS_ASSERTIONS = NO;
				ENABLE_STRICT_OBJC_MSGSEND = YES;
				GCC_C_LANGUAGE_STANDARD = gnu99;
				GCC_NO_COMMON_BLOCKS = YES;
				GCC_WARN_64_TO_32_BIT_CONVERSION = YES;
				GCC_WARN_ABOUT_RETURN_TYPE = YES_ERROR;
				GCC_WARN_UNDECLARED_SELECTOR = YES;
				GCC_WARN_UNINITIALIZED_AUTOS = YES_AGGRESSIVE;
				GCC_WARN_UNUSED_FUNCTION = YES;
				GCC_WARN_UNUSED_VARIABLE = YES;
				IPHONEOS_DEPLOYMENT_TARGET = 10.3;
				MTL_ENABLE_DEBUG_INFO = NO;
				SDKROOT = iphoneos;
				SWIFT_OPTIMIZATION_LEVEL = "-Owholemodule";
				VALIDATE_PRODUCT = YES;
			};
			name = Release;
		};
		2C9074591EBF111E000E1A71 /* Debug */ = {
			isa = XCBuildConfiguration;
			baseConfigurationReference = 977DDD37160384D010A371F3 /* Pods-Nobamus.debug.xcconfig */;
			buildSettings = {
				ASSETCATALOG_COMPILER_APPICON_NAME = AppIcon;
				DEVELOPMENT_TEAM = MCB6AYLM4B;
				INFOPLIST_FILE = Nobamus/Info.plist;
				LD_RUNPATH_SEARCH_PATHS = "$(inherited) @executable_path/Frameworks";
				PRODUCT_BUNDLE_IDENTIFIER = yanislav.kononov.Nobamus;
				PRODUCT_NAME = "$(TARGET_NAME)";
				SWIFT_VERSION = 3.0;
			};
			name = Debug;
		};
		2C90745A1EBF111E000E1A71 /* Release */ = {
			isa = XCBuildConfiguration;
			baseConfigurationReference = 95C3CB60BC9ADA36F164D663 /* Pods-Nobamus.release.xcconfig */;
			buildSettings = {
				ASSETCATALOG_COMPILER_APPICON_NAME = AppIcon;
				DEVELOPMENT_TEAM = MCB6AYLM4B;
				INFOPLIST_FILE = Nobamus/Info.plist;
				LD_RUNPATH_SEARCH_PATHS = "$(inherited) @executable_path/Frameworks";
				PRODUCT_BUNDLE_IDENTIFIER = yanislav.kononov.Nobamus;
				PRODUCT_NAME = "$(TARGET_NAME)";
				SWIFT_VERSION = 3.0;
			};
			name = Release;
		};
/* End XCBuildConfiguration section */

/* Begin XCConfigurationList section */
		2C9074411EBF111E000E1A71 /* Build configuration list for PBXProject "Nobamus" */ = {
			isa = XCConfigurationList;
			buildConfigurations = (
				2C9074561EBF111E000E1A71 /* Debug */,
				2C9074571EBF111E000E1A71 /* Release */,
			);
			defaultConfigurationIsVisible = 0;
			defaultConfigurationName = Release;
		};
		2C9074581EBF111E000E1A71 /* Build configuration list for PBXNativeTarget "Nobamus" */ = {
			isa = XCConfigurationList;
			buildConfigurations = (
				2C9074591EBF111E000E1A71 /* Debug */,
				2C90745A1EBF111E000E1A71 /* Release */,
			);
			defaultConfigurationIsVisible = 0;
			defaultConfigurationName = Release;
		};
/* End XCConfigurationList section */
	};
	rootObject = 2C90743E1EBF111E000E1A71 /* Project object */;
}
